github.com/shakeel/pdf2txt v0.0.0-20180907212139-b8ae98232359 h1:+Qh9CWk8Lb/PUGDinNRmh3tIwOAz8anCzjsAlzk8Qhs=
github.com/shakeel/pdf2txt v0.0.0-20180907212139-b8ae98232359/go.mod h1:PDIq8/e+tR7laRrwI68grJfwnPgtITfvVYwB8+olVCw=
rsc.io/pdf v0.1.1/go.mod h1:n8OzWcQ6Sp37PL01nO98y4iUCRdTGarVfzxY20ICaU4=
